<?xml version="1.0" encoding="utf-8"?>
<Project ToolsVersion="4.0" xmlns="http://schemas.microsoft.com/developer/msbuild/2003">
  <ItemGroup>
    <Filter Include="include">
      <UniqueIdentifier>{18fa6a37-568b-4d9b-bc8d-9982769a1630}</UniqueIdentifier>
    </Filter>
    <Filter Include="src">
      <UniqueIdentifier>{cdbdb09a-137a-4488-97b9-a79d67917b75}</UniqueIdentifier>
    </Filter>
    <Filter Include="include\graph">
      <UniqueIdentifier>{66c0ed27-9435-4350-8a61-8735c8845c77}</UniqueIdentifier>
    </Filter>
    <Filter Include="src\graph">
      <UniqueIdentifier>{10f8c670-e28b-4225-be24-a8ec65fef5a3}</UniqueIdentifier>
    </Filter>
    <Filter Include="include\util">
      <UniqueIdentifier>{6a0afd60-ca4c-4901-894e-79c02cb67987}</UniqueIdentifier>
    </Filter>
    <Filter Include="include\kernels">
      <UniqueIdentifier>{f34f2f6b-578d-437c-8bab-e4e4a6916b12}</UniqueIdentifier>
    </Filter>
    <Filter Include="src\util">
      <UniqueIdentifier>{e314d5a1-fcce-46ae-a772-3d3ae49faec3}</UniqueIdentifier>
    </Filter>
  </ItemGroup>
  <ItemGroup>
    <ClCompile Include="graphRead.cpp">
      <Filter>src\graph</Filter>
    </ClCompile>
    <ClCompile Include="graphWeight.cpp">
      <Filter>src\graph</Filter>
    </ClCompile>
    <ClCompile Include="graphHost.cpp">
      <Filter>src\graph</Filter>
    </ClCompile>
    <ClCompile Include="fUtil.cpp">
      <Filter>src\util</Filter>
    </ClCompile>
  </ItemGroup>
  <ItemGroup>
    <CudaCompile Include="kernel.cu">
      <Filter>src</Filter>
    </CudaCompile>
    <CudaCompile Include="HBFV1.cuh">
      <Filter>include\kernels</Filter>
    </CudaCompile>
    <CudaCompile Include="HBFV0.cuh">
      <Filter>include\kernels</Filter>
    </CudaCompile>
    <CudaCompile Include="cudaGraph.cuh">
      <Filter>include\graph</Filter>
    </CudaCompile>
    <CudaCompile Include="cudaGraph.cu">
      <Filter>src\graph</Filter>
    </CudaCompile>
  </ItemGroup>
  <ItemGroup>
    <ClInclude Include="graph.h">
      <Filter>include\graph</Filter>
    </ClInclude>
    <ClInclude Include="graphRead.h">
      <Filter>include\graph</Filter>
    </ClInclude>
    <ClInclude Include="fUtil.h">
      <Filter>include\util</Filter>
    </ClInclude>
    <ClInclude Include="HBFV3.cuh">
      <Filter>include\kernels</Filter>
    </ClInclude>
    <ClInclude Include="HBFV2.cuh">
      <Filter>include\kernels</Filter>
    </ClInclude>
    <ClInclude Include="HBFV4.cuh">
      <Filter>include\kernels</Filter>
    </ClInclude>
    <ClInclude Include="HBFV5.cuh">
      <Filter>include\kernels</Filter>
    </ClInclude>
    <ClInclude Include="HBFV6.cuh">
      <Filter>include\kernels</Filter>
    </ClInclude>
  </ItemGroup>
  <ItemGroup>
    <Text Include="CMakeLists.txt">
      <Filter>src</Filter>
    </Text>
  </ItemGroup>
  <ItemGroup>
    <None Include="config_default.ini">
      <Filter>src</Filter>
    </None>
    <None Include="readme.md" />
    <None Include="run.sh" />
  </ItemGroup>
</Project>